
Microsoft Visual Studio Solution File, Format Version 12.00
# Visual Studio Version 17
VisualStudioVersion = 17.4.32912.340
MinimumVisualStudioVersion = 10.0.40219.1
Project("{2150E333-8FDC-42A3-9474-1A3956D46DE8}") = "Demo 1 - project template", "Demo 1 - project template", "{26431916-5C6C-4EF4-B4C4-E516120C7D6A}"
EndProject
Project("{9A19103F-16F7-4668-BE54-9A1E7A4F7556}") = "Dottor.MAUIBlazorApp", "src\Demo1\Dottor.MAUIBlazorApp\Dottor.MAUIBlazorApp.csproj", "{80F906C7-1E65-41D1-9A46-4BF5C266D389}"
EndProject
Project("{2150E333-8FDC-42A3-9474-1A3956D46DE8}") = "Demo 2 - notepad - notifications", "Demo 2 - notepad - notifications", "{DF75BF95-4D77-49C1-94E4-F16C655846C3}"
EndProject
Project("{2150E333-8FDC-42A3-9474-1A3956D46DE8}") = "Demo 4 - share app", "Demo 4 - share app", "{626FB3D4-D053-4367-A6E3-091172044634}"
EndProject
Project("{9A19103F-16F7-4668-BE54-9A1E7A4F7556}") = "Dottor.MAUIBlazorApp", "src\Demo2\Dottor.MAUIBlazorApp\Dottor.MAUIBlazorApp.csproj", "{6A91F094-3876-43DA-8AC1-08C4A947FF72}"
EndProject
Project("{9A19103F-16F7-4668-BE54-9A1E7A4F7556}") = "Dottor.BlazorApp.Server", "src\Demo4\Dottor.BlazorApp.Server\Dottor.BlazorApp.Server.csproj", "{842AE802-AD9C-4938-A5F8-89E7787CDCF6}"
EndProject
Project("{9A19103F-16F7-4668-BE54-9A1E7A4F7556}") = "Dottor.BlazorApp.Client", "src\Demo4\Dottor.BlazorApp.Client\Dottor.BlazorApp.Client.csproj", "{2001AF2B-8EA5-4E7B-92E1-2976DC0A5538}"
EndProject
Project("{9A19103F-16F7-4668-BE54-9A1E7A4F7556}") = "Dottor.BlazorApp.Shared", "src\Demo4\Dottor.BlazorApp.Shared\Dottor.BlazorApp.Shared.csproj", "{A4CFF5AB-3446-43C1-A0D6-9472A54C152C}"
EndProject
Project("{9A19103F-16F7-4668-BE54-9A1E7A4F7556}") = "Dottor.BlazorApp.MAUIBlazorApp", "src\Demo4\Dottor.BlazorApp.MAUIBlazorApp\Dottor.BlazorApp.MAUIBlazorApp.csproj", "{3AAB9441-EC44-44D5-A0EC-09048B11288D}"
EndProject
Project("{9A19103F-16F7-4668-BE54-9A1E7A4F7556}") = "Dottor.BlazorApp.MyApp", "src\Demo4\Dottor.BlazorApp.MyApp\Dottor.BlazorApp.MyApp.csproj", "{4EDFBBBC-7D81-42BC-838F-1A6B8A3FDBCE}"
EndProject
Project("{2150E333-8FDC-42A3-9474-1A3956D46DE8}") = "Demo 3 - tabs", "Demo 3 - tabs", "{F31A7D9B-A10B-4A91-99E2-2878D89A224D}"
EndProject
Global
	GlobalSection(SolutionConfigurationPlatforms) = preSolution
		Debug|Any CPU = Debug|Any CPU
		Release|Any CPU = Release|Any CPU
	EndGlobalSection
	GlobalSection(ProjectConfigurationPlatforms) = postSolution
		{80F906C7-1E65-41D1-9A46-4BF5C266D389}.Debug|Any CPU.ActiveCfg = Debug|Any CPU
		{80F906C7-1E65-41D1-9A46-4BF5C266D389}.Debug|Any CPU.Build.0 = Debug|Any CPU
		{80F906C7-1E65-41D1-9A46-4BF5C266D389}.Debug|Any CPU.Deploy.0 = Debug|Any CPU
		{80F906C7-1E65-41D1-9A46-4BF5C266D389}.Release|Any CPU.ActiveCfg = Release|Any CPU
		{80F906C7-1E65-41D1-9A46-4BF5C266D389}.Release|Any CPU.Build.0 = Release|Any CPU
		{80F906C7-1E65-41D1-9A46-4BF5C266D389}.Release|Any CPU.Deploy.0 = Release|Any CPU
		{6A91F094-3876-43DA-8AC1-08C4A947FF72}.Debug|Any CPU.ActiveCfg = Debug|Any CPU
		{6A91F094-3876-43DA-8AC1-08C4A947FF72}.Debug|Any CPU.Build.0 = Debug|Any CPU
		{6A91F094-3876-43DA-8AC1-08C4A947FF72}.Debug|Any CPU.Deploy.0 = Debug|Any CPU
		{6A91F094-3876-43DA-8AC1-08C4A947FF72}.Release|Any CPU.ActiveCfg = Release|Any CPU
		{6A91F094-3876-43DA-8AC1-08C4A947FF72}.Release|Any CPU.Build.0 = Release|Any CPU
		{6A91F094-3876-43DA-8AC1-08C4A947FF72}.Release|Any CPU.Deploy.0 = Release|Any CPU
		{842AE802-AD9C-4938-A5F8-89E7787CDCF6}.Debug|Any CPU.ActiveCfg = Debug|Any CPU
		{842AE802-AD9C-4938-A5F8-89E7787CDCF6}.Debug|Any CPU.Build.0 = Debug|Any CPU
		{842AE802-AD9C-4938-A5F8-89E7787CDCF6}.Release|Any CPU.ActiveCfg = Release|Any CPU
		{842AE802-AD9C-4938-A5F8-89E7787CDCF6}.Release|Any CPU.Build.0 = Release|Any CPU
		{2001AF2B-8EA5-4E7B-92E1-2976DC0A5538}.Debug|Any CPU.ActiveCfg = Debug|Any CPU
		{2001AF2B-8EA5-4E7B-92E1-2976DC0A5538}.Debug|Any CPU.Build.0 = Debug|Any CPU
		{2001AF2B-8EA5-4E7B-92E1-2976DC0A5538}.Release|Any CPU.ActiveCfg = Release|Any CPU
		{2001AF2B-8EA5-4E7B-92E1-2976DC0A5538}.Release|Any CPU.Build.0 = Release|Any CPU
		{A4CFF5AB-3446-43C1-A0D6-9472A54C152C}.Debug|Any CPU.ActiveCfg = Debug|Any CPU
		{A4CFF5AB-3446-43C1-A0D6-9472A54C152C}.Debug|Any CPU.Build.0 = Debug|Any CPU
		{A4CFF5AB-3446-43C1-A0D6-9472A54C152C}.Release|Any CPU.ActiveCfg = Release|Any CPU
		{A4CFF5AB-3446-43C1-A0D6-9472A54C152C}.Release|Any CPU.Build.0 = Release|Any CPU
		{3AAB9441-EC44-44D5-A0EC-09048B11288D}.Debug|Any CPU.ActiveCfg = Debug|Any CPU
		{3AAB9441-EC44-44D5-A0EC-09048B11288D}.Debug|Any CPU.Build.0 = Debug|Any CPU
		{3AAB9441-EC44-44D5-A0EC-09048B11288D}.Debug|Any CPU.Deploy.0 = Debug|Any CPU
		{3AAB9441-EC44-44D5-A0EC-09048B11288D}.Release|Any CPU.ActiveCfg = Release|Any CPU
		{3AAB9441-EC44-44D5-A0EC-09048B11288D}.Release|Any CPU.Build.0 = Release|Any CPU
		{3AAB9441-EC44-44D5-A0EC-09048B11288D}.Release|Any CPU.Deploy.0 = Release|Any CPU
		{4EDFBBBC-7D81-42BC-838F-1A6B8A3FDBCE}.Debug|Any CPU.ActiveCfg = Debug|Any CPU
		{4EDFBBBC-7D81-42BC-838F-1A6B8A3FDBCE}.Debug|Any CPU.Build.0 = Debug|Any CPU
		{4EDFBBBC-7D81-42BC-838F-1A6B8A3FDBCE}.Release|Any CPU.ActiveCfg = Release|Any CPU
		{4EDFBBBC-7D81-42BC-838F-1A6B8A3FDBCE}.Release|Any CPU.Build.0 = Release|Any CPU
	EndGlobalSection
	GlobalSection(SolutionProperties) = preSolution
		HideSolutionNode = FALSE
	EndGlobalSection
	GlobalSection(NestedProjects) = preSolution
		{80F906C7-1E65-41D1-9A46-4BF5C266D389} = {26431916-5C6C-4EF4-B4C4-E516120C7D6A}
		{6A91F094-3876-43DA-8AC1-08C4A947FF72} = {DF75BF95-4D77-49C1-94E4-F16C655846C3}
		{842AE802-AD9C-4938-A5F8-89E7787CDCF6} = {626FB3D4-D053-4367-A6E3-091172044634}
		{2001AF2B-8EA5-4E7B-92E1-2976DC0A5538} = {626FB3D4-D053-4367-A6E3-091172044634}
		{A4CFF5AB-3446-43C1-A0D6-9472A54C152C} = {626FB3D4-D053-4367-A6E3-091172044634}
		{3AAB9441-EC44-44D5-A0EC-09048B11288D} = {626FB3D4-D053-4367-A6E3-091172044634}
		{4EDFBBBC-7D81-42BC-838F-1A6B8A3FDBCE} = {626FB3D4-D053-4367-A6E3-091172044634}
	EndGlobalSection
	GlobalSection(ExtensibilityGlobals) = postSolution
		SolutionGuid = {39E83FE0-D58A-496B-B74D-BF1B6183D07B}
	EndGlobalSection
EndGlobal
